
Microsoft Visual Studio Solution File, Format Version 12.00
# Visual Studio 15
VisualStudioVersion = 15.0.26124.0
MinimumVisualStudioVersion = 15.0.26124.0
Project("{FAE04EC0-301F-11D3-BF4B-00C04F79EFBC}") = "OddIndex", "OddIndex\OddIndex.csproj", "{12185D47-1C24-4939-A09B-38EF6B1D4A69}"
EndProject
Project("{FAE04EC0-301F-11D3-BF4B-00C04F79EFBC}") = "EncodeString", "EncodeString\EncodeString.csproj", "{C69C452D-E900-44A8-86E0-388FB3FA8056}"
EndProject
Project("{FAE04EC0-301F-11D3-BF4B-00C04F79EFBC}") = "SwapVowels", "SwapVowels\SwapVowels.csproj", "{FAA1B978-19AF-485A-8069-BAA2C4CCF9DB}"
EndProject
Project("{FAE04EC0-301F-11D3-BF4B-00C04F79EFBC}") = "RectangleArea", "RectangleArea\RectangleArea.csproj", "{151BB2B3-765A-4A2E-979D-38637192D4FB}"
EndProject
Project("{FAE04EC0-301F-11D3-BF4B-00C04F79EFBC}") = "StudentDetails", "StudentDetails\StudentDetails.csproj", "{FC1C15BC-4F3C-47D9-8FB2-A4F9980F0BFB}"
EndProject
Project("{FAE04EC0-301F-11D3-BF4B-00C04F79EFBC}") = "Lottery", "Lottery\Lottery.csproj", "{7F5A421A-9EE9-4832-B535-3A4EDCC53211}"
EndProject
Project("{FAE04EC0-301F-11D3-BF4B-00C04F79EFBC}") = "FutureDate", "FutureDate\FutureDate.csproj", "{6C4194C1-C507-4D28-9D50-E597BCDF4905}"
EndProject
Project("{FAE04EC0-301F-11D3-BF4B-00C04F79EFBC}") = "Palindrome", "Palindrome\Palindrome.csproj", "{4AEF6792-59F8-4ACF-B25C-3E5B9384C5F1}"
EndProject
Project("{FAE04EC0-301F-11D3-BF4B-00C04F79EFBC}") = "SumAndAverage", "SumAndAverage\SumAndAverage.csproj", "{4B190436-2161-419C-A9F2-63695950B75A}"
EndProject
Project("{FAE04EC0-301F-11D3-BF4B-00C04F79EFBC}") = "Quadratic", "Quadratic\Quadratic.csproj", "{0E3D1161-3FCA-4DDE-98CB-FE5B64C353FE}"
EndProject
Global
	GlobalSection(SolutionConfigurationPlatforms) = preSolution
		Debug|Any CPU = Debug|Any CPU
		Debug|x64 = Debug|x64
		Debug|x86 = Debug|x86
		Release|Any CPU = Release|Any CPU
		Release|x64 = Release|x64
		Release|x86 = Release|x86
	EndGlobalSection
	GlobalSection(SolutionProperties) = preSolution
		HideSolutionNode = FALSE
	EndGlobalSection
	GlobalSection(ProjectConfigurationPlatforms) = postSolution
		{12185D47-1C24-4939-A09B-38EF6B1D4A69}.Debug|Any CPU.ActiveCfg = Debug|Any CPU
		{12185D47-1C24-4939-A09B-38EF6B1D4A69}.Debug|Any CPU.Build.0 = Debug|Any CPU
		{12185D47-1C24-4939-A09B-38EF6B1D4A69}.Debug|x64.ActiveCfg = Debug|Any CPU
		{12185D47-1C24-4939-A09B-38EF6B1D4A69}.Debug|x64.Build.0 = Debug|Any CPU
		{12185D47-1C24-4939-A09B-38EF6B1D4A69}.Debug|x86.ActiveCfg = Debug|Any CPU
		{12185D47-1C24-4939-A09B-38EF6B1D4A69}.Debug|x86.Build.0 = Debug|Any CPU
		{12185D47-1C24-4939-A09B-38EF6B1D4A69}.Release|Any CPU.ActiveCfg = Release|Any CPU
		{12185D47-1C24-4939-A09B-38EF6B1D4A69}.Release|Any CPU.Build.0 = Release|Any CPU
		{12185D47-1C24-4939-A09B-38EF6B1D4A69}.Release|x64.ActiveCfg = Release|Any CPU
		{12185D47-1C24-4939-A09B-38EF6B1D4A69}.Release|x64.Build.0 = Release|Any CPU
		{12185D47-1C24-4939-A09B-38EF6B1D4A69}.Release|x86.ActiveCfg = Release|Any CPU
		{12185D47-1C24-4939-A09B-38EF6B1D4A69}.Release|x86.Build.0 = Release|Any CPU
		{C69C452D-E900-44A8-86E0-388FB3FA8056}.Debug|Any CPU.ActiveCfg = Debug|Any CPU
		{C69C452D-E900-44A8-86E0-388FB3FA8056}.Debug|Any CPU.Build.0 = Debug|Any CPU
		{C69C452D-E900-44A8-86E0-388FB3FA8056}.Debug|x64.ActiveCfg = Debug|Any CPU
		{C69C452D-E900-44A8-86E0-388FB3FA8056}.Debug|x64.Build.0 = Debug|Any CPU
		{C69C452D-E900-44A8-86E0-388FB3FA8056}.Debug|x86.ActiveCfg = Debug|Any CPU
		{C69C452D-E900-44A8-86E0-388FB3FA8056}.Debug|x86.Build.0 = Debug|Any CPU
		{C69C452D-E900-44A8-86E0-388FB3FA8056}.Release|Any CPU.ActiveCfg = Release|Any CPU
		{C69C452D-E900-44A8-86E0-388FB3FA8056}.Release|Any CPU.Build.0 = Release|Any CPU
		{C69C452D-E900-44A8-86E0-388FB3FA8056}.Release|x64.ActiveCfg = Release|Any CPU
		{C69C452D-E900-44A8-86E0-388FB3FA8056}.Release|x64.Build.0 = Release|Any CPU
		{C69C452D-E900-44A8-86E0-388FB3FA8056}.Release|x86.ActiveCfg = Release|Any CPU
		{C69C452D-E900-44A8-86E0-388FB3FA8056}.Release|x86.Build.0 = Release|Any CPU
		{FAA1B978-19AF-485A-8069-BAA2C4CCF9DB}.Debug|Any CPU.ActiveCfg = Debug|Any CPU
		{FAA1B978-19AF-485A-8069-BAA2C4CCF9DB}.Debug|Any CPU.Build.0 = Debug|Any CPU
		{FAA1B978-19AF-485A-8069-BAA2C4CCF9DB}.Debug|x64.ActiveCfg = Debug|Any CPU
		{FAA1B978-19AF-485A-8069-BAA2C4CCF9DB}.Debug|x64.Build.0 = Debug|Any CPU
		{FAA1B978-19AF-485A-8069-BAA2C4CCF9DB}.Debug|x86.ActiveCfg = Debug|Any CPU
		{FAA1B978-19AF-485A-8069-BAA2C4CCF9DB}.Debug|x86.Build.0 = Debug|Any CPU
		{FAA1B978-19AF-485A-8069-BAA2C4CCF9DB}.Release|Any CPU.ActiveCfg = Release|Any CPU
		{FAA1B978-19AF-485A-8069-BAA2C4CCF9DB}.Release|Any CPU.Build.0 = Release|Any CPU
		{FAA1B978-19AF-485A-8069-BAA2C4CCF9DB}.Release|x64.ActiveCfg = Release|Any CPU
		{FAA1B978-19AF-485A-8069-BAA2C4CCF9DB}.Release|x64.Build.0 = Release|Any CPU
		{FAA1B978-19AF-485A-8069-BAA2C4CCF9DB}.Release|x86.ActiveCfg = Release|Any CPU
		{FAA1B978-19AF-485A-8069-BAA2C4CCF9DB}.Release|x86.Build.0 = Release|Any CPU
		{151BB2B3-765A-4A2E-979D-38637192D4FB}.Debug|Any CPU.ActiveCfg = Debug|Any CPU
		{151BB2B3-765A-4A2E-979D-38637192D4FB}.Debug|Any CPU.Build.0 = Debug|Any CPU
		{151BB2B3-765A-4A2E-979D-38637192D4FB}.Debug|x64.ActiveCfg = Debug|Any CPU
		{151BB2B3-765A-4A2E-979D-38637192D4FB}.Debug|x64.Build.0 = Debug|Any CPU
		{151BB2B3-765A-4A2E-979D-38637192D4FB}.Debug|x86.ActiveCfg = Debug|Any CPU
		{151BB2B3-765A-4A2E-979D-38637192D4FB}.Debug|x86.Build.0 = Debug|Any CPU
		{151BB2B3-765A-4A2E-979D-38637192D4FB}.Release|Any CPU.ActiveCfg = Release|Any CPU
		{151BB2B3-765A-4A2E-979D-38637192D4FB}.Release|Any CPU.Build.0 = Release|Any CPU
		{151BB2B3-765A-4A2E-979D-38637192D4FB}.Release|x64.ActiveCfg = Release|Any CPU
		{151BB2B3-765A-4A2E-979D-38637192D4FB}.Release|x64.Build.0 = Release|Any CPU
		{151BB2B3-765A-4A2E-979D-38637192D4FB}.Release|x86.ActiveCfg = Release|Any CPU
		{151BB2B3-765A-4A2E-979D-38637192D4FB}.Release|x86.Build.0 = Release|Any CPU
		{FC1C15BC-4F3C-47D9-8FB2-A4F9980F0BFB}.Debug|Any CPU.ActiveCfg = Debug|Any CPU
		{FC1C15BC-4F3C-47D9-8FB2-A4F9980F0BFB}.Debug|Any CPU.Build.0 = Debug|Any CPU
		{FC1C15BC-4F3C-47D9-8FB2-A4F9980F0BFB}.Debug|x64.ActiveCfg = Debug|Any CPU
		{FC1C15BC-4F3C-47D9-8FB2-A4F9980F0BFB}.Debug|x64.Build.0 = Debug|Any CPU
		{FC1C15BC-4F3C-47D9-8FB2-A4F9980F0BFB}.Debug|x86.ActiveCfg = Debug|Any CPU
		{FC1C15BC-4F3C-47D9-8FB2-A4F9980F0BFB}.Debug|x86.Build.0 = Debug|Any CPU
		{FC1C15BC-4F3C-47D9-8FB2-A4F9980F0BFB}.Release|Any CPU.ActiveCfg = Release|Any CPU
		{FC1C15BC-4F3C-47D9-8FB2-A4F9980F0BFB}.Release|Any CPU.Build.0 = Release|Any CPU
		{FC1C15BC-4F3C-47D9-8FB2-A4F9980F0BFB}.Release|x64.ActiveCfg = Release|Any CPU
		{FC1C15BC-4F3C-47D9-8FB2-A4F9980F0BFB}.Release|x64.Build.0 = Release|Any CPU
		{FC1C15BC-4F3C-47D9-8FB2-A4F9980F0BFB}.Release|x86.ActiveCfg = Release|Any CPU
		{FC1C15BC-4F3C-47D9-8FB2-A4F9980F0BFB}.Release|x86.Build.0 = Release|Any CPU
		{7F5A421A-9EE9-4832-B535-3A4EDCC53211}.Debug|Any CPU.ActiveCfg = Debug|Any CPU
		{7F5A421A-9EE9-4832-B535-3A4EDCC53211}.Debug|Any CPU.Build.0 = Debug|Any CPU
		{7F5A421A-9EE9-4832-B535-3A4EDCC53211}.Debug|x64.ActiveCfg = Debug|Any CPU
		{7F5A421A-9EE9-4832-B535-3A4EDCC53211}.Debug|x64.Build.0 = Debug|Any CPU
		{7F5A421A-9EE9-4832-B535-3A4EDCC53211}.Debug|x86.ActiveCfg = Debug|Any CPU
		{7F5A421A-9EE9-4832-B535-3A4EDCC53211}.Debug|x86.Build.0 = Debug|Any CPU
		{7F5A421A-9EE9-4832-B535-3A4EDCC53211}.Release|Any CPU.ActiveCfg = Release|Any CPU
		{7F5A421A-9EE9-4832-B535-3A4EDCC53211}.Release|Any CPU.Build.0 = Release|Any CPU
		{7F5A421A-9EE9-4832-B535-3A4EDCC53211}.Release|x64.ActiveCfg = Release|Any CPU
		{7F5A421A-9EE9-4832-B535-3A4EDCC53211}.Release|x64.Build.0 = Release|Any CPU
		{7F5A421A-9EE9-4832-B535-3A4EDCC53211}.Release|x86.ActiveCfg = Release|Any CPU
		{7F5A421A-9EE9-4832-B535-3A4EDCC53211}.Release|x86.Build.0 = Release|Any CPU
		{6C4194C1-C507-4D28-9D50-E597BCDF4905}.Debug|Any CPU.ActiveCfg = Debug|Any CPU
		{6C4194C1-C507-4D28-9D50-E597BCDF4905}.Debug|Any CPU.Build.0 = Debug|Any CPU
		{6C4194C1-C507-4D28-9D50-E597BCDF4905}.Debug|x64.ActiveCfg = Debug|Any CPU
		{6C4194C1-C507-4D28-9D50-E597BCDF4905}.Debug|x64.Build.0 = Debug|Any CPU
		{6C4194C1-C507-4D28-9D50-E597BCDF4905}.Debug|x86.ActiveCfg = Debug|Any CPU
		{6C4194C1-C507-4D28-9D50-E597BCDF4905}.Debug|x86.Build.0 = Debug|Any CPU
		{6C4194C1-C507-4D28-9D50-E597BCDF4905}.Release|Any CPU.ActiveCfg = Release|Any CPU
		{6C4194C1-C507-4D28-9D50-E597BCDF4905}.Release|Any CPU.Build.0 = Release|Any CPU
		{6C4194C1-C507-4D28-9D50-E597BCDF4905}.Release|x64.ActiveCfg = Release|Any CPU
		{6C4194C1-C507-4D28-9D50-E597BCDF4905}.Release|x64.Build.0 = Release|Any CPU
		{6C4194C1-C507-4D28-9D50-E597BCDF4905}.Release|x86.ActiveCfg = Release|Any CPU
		{6C4194C1-C507-4D28-9D50-E597BCDF4905}.Release|x86.Build.0 = Release|Any CPU
		{4AEF6792-59F8-4ACF-B25C-3E5B9384C5F1}.Debug|Any CPU.ActiveCfg = Debug|Any CPU
		{4AEF6792-59F8-4ACF-B25C-3E5B9384C5F1}.Debug|Any CPU.Build.0 = Debug|Any CPU
		{4AEF6792-59F8-4ACF-B25C-3E5B9384C5F1}.Debug|x64.ActiveCfg = Debug|Any CPU
		{4AEF6792-59F8-4ACF-B25C-3E5B9384C5F1}.Debug|x64.Build.0 = Debug|Any CPU
		{4AEF6792-59F8-4ACF-B25C-3E5B9384C5F1}.Debug|x86.ActiveCfg = Debug|Any CPU
		{4AEF6792-59F8-4ACF-B25C-3E5B9384C5F1}.Debug|x86.Build.0 = Debug|Any CPU
		{4AEF6792-59F8-4ACF-B25C-3E5B9384C5F1}.Release|Any CPU.ActiveCfg = Release|Any CPU
		{4AEF6792-59F8-4ACF-B25C-3E5B9384C5F1}.Release|Any CPU.Build.0 = Release|Any CPU
		{4AEF6792-59F8-4ACF-B25C-3E5B9384C5F1}.Release|x64.ActiveCfg = Release|Any CPU
		{4AEF6792-59F8-4ACF-B25C-3E5B9384C5F1}.Release|x64.Build.0 = Release|Any CPU
		{4AEF6792-59F8-4ACF-B25C-3E5B9384C5F1}.Release|x86.ActiveCfg = Release|Any CPU
		{4AEF6792-59F8-4ACF-B25C-3E5B9384C5F1}.Release|x86.Build.0 = Release|Any CPU
		{4B190436-2161-419C-A9F2-63695950B75A}.Debug|Any CPU.ActiveCfg = Debug|Any CPU
		{4B190436-2161-419C-A9F2-63695950B75A}.Debug|Any CPU.Build.0 = Debug|Any CPU
		{4B190436-2161-419C-A9F2-63695950B75A}.Debug|x64.ActiveCfg = Debug|Any CPU
		{4B190436-2161-419C-A9F2-63695950B75A}.Debug|x64.Build.0 = Debug|Any CPU
		{4B190436-2161-419C-A9F2-63695950B75A}.Debug|x86.ActiveCfg = Debug|Any CPU
		{4B190436-2161-419C-A9F2-63695950B75A}.Debug|x86.Build.0 = Debug|Any CPU
		{4B190436-2161-419C-A9F2-63695950B75A}.Release|Any CPU.ActiveCfg = Release|Any CPU
		{4B190436-2161-419C-A9F2-63695950B75A}.Release|Any CPU.Build.0 = Release|Any CPU
		{4B190436-2161-419C-A9F2-63695950B75A}.Release|x64.ActiveCfg = Release|Any CPU
		{4B190436-2161-419C-A9F2-63695950B75A}.Release|x64.Build.0 = Release|Any CPU
		{4B190436-2161-419C-A9F2-63695950B75A}.Release|x86.ActiveCfg = Release|Any CPU
		{4B190436-2161-419C-A9F2-63695950B75A}.Release|x86.Build.0 = Release|Any CPU
		{0E3D1161-3FCA-4DDE-98CB-FE5B64C353FE}.Debug|Any CPU.ActiveCfg = Debug|Any CPU
		{0E3D1161-3FCA-4DDE-98CB-FE5B64C353FE}.Debug|Any CPU.Build.0 = Debug|Any CPU
		{0E3D1161-3FCA-4DDE-98CB-FE5B64C353FE}.Debug|x64.ActiveCfg = Debug|Any CPU
		{0E3D1161-3FCA-4DDE-98CB-FE5B64C353FE}.Debug|x64.Build.0 = Debug|Any CPU
		{0E3D1161-3FCA-4DDE-98CB-FE5B64C353FE}.Debug|x86.ActiveCfg = Debug|Any CPU
		{0E3D1161-3FCA-4DDE-98CB-FE5B64C353FE}.Debug|x86.Build.0 = Debug|Any CPU
		{0E3D1161-3FCA-4DDE-98CB-FE5B64C353FE}.Release|Any CPU.ActiveCfg = Release|Any CPU
		{0E3D1161-3FCA-4DDE-98CB-FE5B64C353FE}.Release|Any CPU.Build.0 = Release|Any CPU
		{0E3D1161-3FCA-4DDE-98CB-FE5B64C353FE}.Release|x64.ActiveCfg = Release|Any CPU
		{0E3D1161-3FCA-4DDE-98CB-FE5B64C353FE}.Release|x64.Build.0 = Release|Any CPU
		{0E3D1161-3FCA-4DDE-98CB-FE5B64C353FE}.Release|x86.ActiveCfg = Release|Any CPU
		{0E3D1161-3FCA-4DDE-98CB-FE5B64C353FE}.Release|x86.Build.0 = Release|Any CPU
	EndGlobalSection
EndGlobal
